
Microsoft Visual Studio Solution File, Format Version 12.00
# Visual Studio Version 17
VisualStudioVersion = 17.0.32112.339
MinimumVisualStudioVersion = 10.0.40219.1
Project("{FAE04EC0-301F-11D3-BF4B-00C04F79EFBC}") = "A2v10.Site", "A2v10.Site\A2v10.Site.csproj", "{0FA780C9-2933-4FF0-8D75-F0596E096B82}"
EndProject
Project("{2150E333-8FDC-42A3-9474-1A3956D46DE8}") = "Docs", "Docs", "{87313733-B25F-4959-B364-24B21C9498E1}"
	ProjectSection(SolutionItems) = preProject
		Docs\Инструменты.docx = Docs\Инструменты.docx
		Docs\Инструменты.pdf = Docs\Инструменты.pdf
		Docs\Платформа А2v10.docx = Docs\Платформа А2v10.docx
		Docs\Розница_нефискальный_принтер.docx = Docs\Розница_нефискальный_принтер.docx
		Docs\Роли_разрешения.docx = Docs\Роли_разрешения.docx
		Docs\Серверный_javascript.docx = Docs\Серверный_javascript.docx
	EndProjectSection
EndProject
Project("{2150E333-8FDC-42A3-9474-1A3956D46DE8}") = "sql", "sql", "{C0D4B6F2-4082-4DC8-96BC-A60ECA24958D}"
	ProjectSection(SolutionItems) = preProject
		sql\application.sql = sql\application.sql
		sql\platform_full.sql = sql\platform_full.sql
	EndProjectSection
EndProject
Global
	GlobalSection(SolutionConfigurationPlatforms) = preSolution
		Debug|Any CPU = Debug|Any CPU
		Release|Any CPU = Release|Any CPU
	EndGlobalSection
	GlobalSection(ProjectConfigurationPlatforms) = postSolution
		{0FA780C9-2933-4FF0-8D75-F0596E096B82}.Debug|Any CPU.ActiveCfg = Debug|Any CPU
		{0FA780C9-2933-4FF0-8D75-F0596E096B82}.Debug|Any CPU.Build.0 = Debug|Any CPU
		{0FA780C9-2933-4FF0-8D75-F0596E096B82}.Release|Any CPU.ActiveCfg = Release|Any CPU
		{0FA780C9-2933-4FF0-8D75-F0596E096B82}.Release|Any CPU.Build.0 = Release|Any CPU
	EndGlobalSection
	GlobalSection(SolutionProperties) = preSolution
		HideSolutionNode = FALSE
	EndGlobalSection
	GlobalSection(ExtensibilityGlobals) = postSolution
		SolutionGuid = {0A9B031B-C91B-4481-9D11-4F5FA24637E0}
	EndGlobalSection
EndGlobal
